
Microsoft Visual Studio Solution File, Format Version 12.00
# Visual Studio Version 17
VisualStudioVersion = 17.11.35312.102
MinimumVisualStudioVersion = 10.0.40219.1
Project("{FAE04EC0-301F-11D3-BF4B-00C04F79EFBC}") = "Лаба3 Аудио", "Лаба3 Аудио.csproj", "{8E99A2D7-7D51-46F5-A9F7-B6C64D93A169}"
EndProject
Project("{FAE04EC0-301F-11D3-BF4B-00C04F79EFBC}") = "Лаба3 Видео", "..\лаба2 Медиа\Лаба3 Видео.csproj", "{A61D8DFB-8156-4444-8771-AEFD02A5BE7D}"
EndProject
Global
	GlobalSection(SolutionConfigurationPlatforms) = preSolution
		Debug|Any CPU = Debug|Any CPU
		Release|Any CPU = Release|Any CPU
	EndGlobalSection
	GlobalSection(ProjectConfigurationPlatforms) = postSolution
		{8E99A2D7-7D51-46F5-A9F7-B6C64D93A169}.Debug|Any CPU.ActiveCfg = Debug|Any CPU
		{8E99A2D7-7D51-46F5-A9F7-B6C64D93A169}.Debug|Any CPU.Build.0 = Debug|Any CPU
		{8E99A2D7-7D51-46F5-A9F7-B6C64D93A169}.Release|Any CPU.ActiveCfg = Release|Any CPU
		{8E99A2D7-7D51-46F5-A9F7-B6C64D93A169}.Release|Any CPU.Build.0 = Release|Any CPU
		{A61D8DFB-8156-4444-8771-AEFD02A5BE7D}.Debug|Any CPU.ActiveCfg = Debug|Any CPU
		{A61D8DFB-8156-4444-8771-AEFD02A5BE7D}.Debug|Any CPU.Build.0 = Debug|Any CPU
		{A61D8DFB-8156-4444-8771-AEFD02A5BE7D}.Release|Any CPU.ActiveCfg = Release|Any CPU
		{A61D8DFB-8156-4444-8771-AEFD02A5BE7D}.Release|Any CPU.Build.0 = Release|Any CPU
	EndGlobalSection
	GlobalSection(SolutionProperties) = preSolution
		HideSolutionNode = FALSE
	EndGlobalSection
	GlobalSection(ExtensibilityGlobals) = postSolution
		SolutionGuid = {C060CE14-DFD9-423D-A29C-D8A884EDED49}
	EndGlobalSection
EndGlobal
